{
  "name": "Portfolio-Website",
  "lockfileVersion": 3,
  "requires": true,
  "packages": {
    "": {
      "dependencies": {
        "@tsparticles/react": "^3.0.0",
        "framer-motion": "^12.0.1",
        "react-particles": "^2.12.2",
        "tsparticles": "^3.8.0",
        "typewriter-effect": "^2.21.0"
      }
    },
    "node_modules/@tsparticles/basic": {
      "version": "3.8.0",
      "resolved": "https://registry.npmjs.org/@tsparticles/basic/-/basic-3.8.0.tgz",
      "integrity": "sha512-ftODJtMn6PcatszzpkCmQL9lbukpLscKJg44jY4knTqvJEa8D2XDUAC5g/qqr+8ed/1sd89qFpE0ZS5aMC0ehA==",
      "funding": [
        {
          "type": "github",
          "url": "https://github.com/sponsors/matteobruni"
        },
        {
          "type": "github",
          "url": "https://github.com/sponsors/tsparticles"
        },
        {
          "type": "buymeacoffee",
          "url": "https://www.buymeacoffee.com/matteobruni"
        }
      ],
      "dependencies": {
        "@tsparticles/engine": "3.8.0",
        "@tsparticles/move-base": "3.8.0",
        "@tsparticles/plugin-hex-color": "3.8.0",
        "@tsparticles/plugin-hsl-color": "3.8.0",
        "@tsparticles/plugin-rgb-color": "3.8.0",
        "@tsparticles/shape-circle": "3.8.0",
        "@tsparticles/updater-color": "3.8.0",
        "@tsparticles/updater-opacity": "3.8.0",
        "@tsparticles/updater-out-modes": "3.8.0",
        "@tsparticles/updater-size": "3.8.0"
      }
    },
    "node_modules/@tsparticles/engine": {
      "version": "3.8.0",
      "resolved": "https://registry.npmjs.org/@tsparticles/engine/-/engine-3.8.0.tgz",
      "integrity": "sha512-mqdSG4gkLbOUck/Wqk8rR4duc6NCnmtJfSPkIvVOUpo/jk2kAGaxRVSU9n0sySxZRx+CGbpAFVVdjdtB1N+70A==",
      "funding": [
        {
          "type": "github",
          "url": "https://github.com/sponsors/matteobruni"
        },
        {
          "type": "github",
          "url": "https://github.com/sponsors/tsparticles"
        },
        {
          "type": "buymeacoffee",
          "url": "https://www.buymeacoffee.com/matteobruni"
        }
      ],
      "hasInstallScript": true
    },
    "node_modules/@tsparticles/interaction-external-attract": {
      "version": "3.8.0",
      "resolved": "https://registry.npmjs.org/@tsparticles/interaction-external-attract/-/interaction-external-attract-3.8.0.tgz",
      "integrity": "sha512-zt79aCFELp/w2Ypo9w8hKv6x2YJZMu4VtSixNVIT7RJ13/vopdfHI5TjbnD6jCbYQDw35UdTWj2PwSx87KMjJQ==",
      "dependencies": {
        "@tsparticles/engine": "3.8.0"
      }
    },
    "node_modules/@tsparticles/interaction-external-bounce": {
      "version": "3.8.0",
      "resolved": "https://registry.npmjs.org/@tsparticles/interaction-external-bounce/-/interaction-external-bounce-3.8.0.tgz",
      "integrity": "sha512-YtaqIdquFA7iwiPmyUvMAMGvve0C+wZujx+3YOoJRcJVBIl1wm+bkJDt0Kci81DNHXBXrUMi2umlIq6fAm5yqA==",
      "dependencies": {
        "@tsparticles/engine": "3.8.0"
      }
    },
    "node_modules/@tsparticles/interaction-external-bubble": {
      "version": "3.8.0",
      "resolved": "https://registry.npmjs.org/@tsparticles/interaction-external-bubble/-/interaction-external-bubble-3.8.0.tgz",
      "integrity": "sha512-pFAIeGkldqfu67uvHIxgrxvM7pWiEERI+dcu8Yh/6mD8TyIrMwD5rYO3mMmGOESYDks8LIJFaQApvia9UP3iGA==",
      "dependencies": {
        "@tsparticles/engine": "3.8.0"
      }
    },
    "node_modules/@tsparticles/interaction-external-connect": {
      "version": "3.8.0",
      "resolved": "https://registry.npmjs.org/@tsparticles/interaction-external-connect/-/interaction-external-connect-3.8.0.tgz",
      "integrity": "sha512-9zFVS4bDPAkq2y0fQhY8IoKSs7CVI+RNsmb0zpIJwXb8N+FfPww6j/XScKPm0xFa1RLzrmCmtIDZTiR4IX6ucg==",
      "dependencies": {
        "@tsparticles/engine": "3.8.0"
      }
    },
    "node_modules/@tsparticles/interaction-external-grab": {
      "version": "3.8.0",
      "resolved": "https://registry.npmjs.org/@tsparticles/interaction-external-grab/-/interaction-external-grab-3.8.0.tgz",
      "integrity": "sha512-x45FShYk1Cdc6DesDTlQ+7VSBh6M6+iX2tPXaahkslV3Lj87KpLINqcsfX4ImwlTWSPX7wzRDyhlbkLFOQ0mXg==",
      "dependencies": {
        "@tsparticles/engine": "3.8.0"
      }
    },
    "node_modules/@tsparticles/interaction-external-pause": {
      "version": "3.8.0",
      "resolved": "https://registry.npmjs.org/@tsparticles/interaction-external-pause/-/interaction-external-pause-3.8.0.tgz",
      "integrity": "sha512-7oISoqGiwlhl4u2vScRhHxdmGypEJf4ZW5Wk0jZuZ1kfPYbAaaDDiIl/BhzG+R1Ryu8J9L2svDEPl9JJ3V4tUw==",
      "dependencies": {
        "@tsparticles/engine": "3.8.0"
      }
    },
    "node_modules/@tsparticles/interaction-external-push": {
      "version": "3.8.0",
      "resolved": "https://registry.npmjs.org/@tsparticles/interaction-external-push/-/interaction-external-push-3.8.0.tgz",
      "integrity": "sha512-xpw7v08lNs29hxukmpyEnOly634Z7bYxiFv/IS5gdpY/TfAi1R2+9SA9eU2o5v0YwIYvwXk6G5mpp8b3zlN8cg==",
      "dependencies": {
        "@tsparticles/engine": "3.8.0"
      }
    },
    "node_modules/@tsparticles/interaction-external-remove": {
      "version": "3.8.0",
      "resolved": "https://registry.npmjs.org/@tsparticles/interaction-external-remove/-/interaction-external-remove-3.8.0.tgz",
      "integrity": "sha512-ZOiZvtnB+OtgeqNCghcsWh07Lo9UN0ub2vOrSlzKKxxlKhFewUd9dakh84ytV1dUttVbFNxhxd8kReEprvQRvg==",
      "dependencies": {
        "@tsparticles/engine": "3.8.0"
      }
    },
    "node_modules/@tsparticles/interaction-external-repulse": {
      "version": "3.8.0",
      "resolved": "https://registry.npmjs.org/@tsparticles/interaction-external-repulse/-/interaction-external-repulse-3.8.0.tgz",
      "integrity": "sha512-RHKo1zBxfEzID4d4fb3fOvWtyh/hNovdFk/iVlIIpIy9oq83OcMSrE6eaTEEeyFpAK60iaaGhXegKrlRqfJRYg==",
      "dependencies": {
        "@tsparticles/engine": "3.8.0"
      }
    },
    "node_modules/@tsparticles/interaction-external-slow": {
      "version": "3.8.0",
      "resolved": "https://registry.npmjs.org/@tsparticles/interaction-external-slow/-/interaction-external-slow-3.8.0.tgz",
      "integrity": "sha512-VaThAk7D366nJVpdzsN5+pvzFz/F4o4Dk6+k324BC5VYLszvzm6qQFgmM0TXLnV456K2OsPCqqV56tjTpNNJJw==",
      "dependencies": {
        "@tsparticles/engine": "3.8.0"
      }
    },
    "node_modules/@tsparticles/interaction-external-trail": {
      "version": "3.8.0",
      "resolved": "https://registry.npmjs.org/@tsparticles/interaction-external-trail/-/interaction-external-trail-3.8.0.tgz",
      "integrity": "sha512-f3ihh2cX+c2ZzhkPlE5MZ9iW99GAF5wFvM/9hHECDYIcHXeu6fcZ4d+Zp1gRJgSEcwReMHhvkHHOLq7bO3D80Q==",
      "dependencies": {
        "@tsparticles/engine": "3.8.0"
      }
    },
    "node_modules/@tsparticles/interaction-particles-attract": {
      "version": "3.8.0",
      "resolved": "https://registry.npmjs.org/@tsparticles/interaction-particles-attract/-/interaction-particles-attract-3.8.0.tgz",
      "integrity": "sha512-WbGlBqoQ5Vcng0agvJUkIipi/aK6uK9ONO1mhdUBuA8Q/hzX6ZZWrpH5DDzBztskKM5KuDwSdfsUC4qK1fZiXg==",
      "dependencies": {
        "@tsparticles/engine": "3.8.0"
      }
    },
    "node_modules/@tsparticles/interaction-particles-collisions": {
      "version": "3.8.0",
      "resolved": "https://registry.npmjs.org/@tsparticles/interaction-particles-collisions/-/interaction-particles-collisions-3.8.0.tgz",
      "integrity": "sha512-8LLjx/bxN86fUk1IB8nWqJRaB6RdJB7e36hhQNcrDSqPPSKWe3poMJFVi5UJDCe4FQAiOpmF7EAHEZ/aLmDq+A==",
      "dependencies": {
        "@tsparticles/engine": "3.8.0"
      }
    },
    "node_modules/@tsparticles/interaction-particles-links": {
      "version": "3.8.0",
      "resolved": "https://registry.npmjs.org/@tsparticles/interaction-particles-links/-/interaction-particles-links-3.8.0.tgz",
      "integrity": "sha512-GEOPpHgS7nX+MhlXSJTUsijqp0B5Hnmk9rm0DmcMXfzrBJsBwwMa/2DMMQZqQ5ihDJRUsSLBAfyItF0HT8tGVQ==",
      "dependencies": {
        "@tsparticles/engine": "3.8.0"
      }
    },
    "node_modules/@tsparticles/move-base": {
      "version": "3.8.0",
      "resolved": "https://registry.npmjs.org/@tsparticles/move-base/-/move-base-3.8.0.tgz",
      "integrity": "sha512-e4GUhUfuPYegNf1Y/sXCN43XUeSbArwfX+gMkYjEFV0/MMYMYCUrvcCMIGT4fg8TBV1MtVgzr7zQUL6RHh9TSg==",
      "dependencies": {
        "@tsparticles/engine": "3.8.0"
      }
    },
    "node_modules/@tsparticles/move-parallax": {
      "version": "3.8.0",
      "resolved": "https://registry.npmjs.org/@tsparticles/move-parallax/-/move-parallax-3.8.0.tgz",
      "integrity": "sha512-0sacsu7ronA42+rJ/WlSISUlWukT2U/gWB5c0XNsaSCrAnPaIrn7pJoYlyco4xrt6fX7CRENjmKhkbThyw09iw==",
      "dependencies": {
        "@tsparticles/engine": "3.8.0"
      }
    },
    "node_modules/@tsparticles/plugin-absorbers": {
      "version": "3.8.0",
      "resolved": "https://registry.npmjs.org/@tsparticles/plugin-absorbers/-/plugin-absorbers-3.8.0.tgz",
      "integrity": "sha512-97mVL3zV+Bq0JKFkebFT1i2KscA0ob5+1RrvIxPM/M7UTxA5txuWbogy3s3zlKri0fkZ2LVI266b7PfXvdVwlg==",
      "dependencies": {
        "@tsparticles/engine": "3.8.0"
      }
    },
    "node_modules/@tsparticles/plugin-easing-quad": {
      "version": "3.8.0",
      "resolved": "https://registry.npmjs.org/@tsparticles/plugin-easing-quad/-/plugin-easing-quad-3.8.0.tgz",
      "integrity": "sha512-4UEeX5j/Gt4XBs7pI37qGJ9m39XZu+OiC5G+/8bmb5RIfxYEsjyzwcEb4dQuUlWaM4MQVOV/D0jIreDHVbBzxA==",
      "funding": [
        {
          "type": "github",
          "url": "https://github.com/sponsors/matteobruni"
        },
        {
          "type": "github",
          "url": "https://github.com/sponsors/tsparticles"
        },
        {
          "type": "buymeacoffee",
          "url": "https://www.buymeacoffee.com/matteobruni"
        }
      ],
      "dependencies": {
        "@tsparticles/engine": "3.8.0"
      }
    },
    "node_modules/@tsparticles/plugin-emitters": {
      "version": "3.8.0",
      "resolved": "https://registry.npmjs.org/@tsparticles/plugin-emitters/-/plugin-emitters-3.8.0.tgz",
      "integrity": "sha512-yAtu5Vb7vNZv40iaEsymO8MJFLKlmc3F1zJLEzS80PLETSCNR2R4BktLmd3ALeyRk0nj7dNgspcYB1OGfJ2iFQ==",
      "dependencies": {
        "@tsparticles/engine": "3.8.0"
      }
    },
    "node_modules/@tsparticles/plugin-emitters-shape-circle": {
      "version": "3.8.0",
      "resolved": "https://registry.npmjs.org/@tsparticles/plugin-emitters-shape-circle/-/plugin-emitters-shape-circle-3.8.0.tgz",
      "integrity": "sha512-sCxJTtZBrUz4rwQF/Z3QYOMTcTC0xu/0T/TJMUgFUb60s0UnjUaw4tZiEABUe7jUI9N9NFWdo2+uX26SvlYcgg==",
      "funding": [
        {
          "type": "github",
          "url": "https://github.com/sponsors/matteobruni"
        },
        {
          "type": "github",
          "url": "https://github.com/sponsors/tsparticles"
        },
        {
          "type": "buymeacoffee",
          "url": "https://www.buymeacoffee.com/matteobruni"
        }
      ],
      "dependencies": {
        "@tsparticles/engine": "3.8.0",
        "@tsparticles/plugin-emitters": "3.8.0"
      }
    },
    "node_modules/@tsparticles/plugin-emitters-shape-square": {
      "version": "3.8.0",
      "resolved": "https://registry.npmjs.org/@tsparticles/plugin-emitters-shape-square/-/plugin-emitters-shape-square-3.8.0.tgz",
      "integrity": "sha512-v5AHA5pOOCffsMIQ9AuhA+GvF8b8jrvlcV3tVaj/R61fKC4i9XeB3S45r18N/ZNmyArtp6cbPEc3JFBU+3Ljvw==",
      "funding": [
        {
          "type": "github",
          "url": "https://github.com/sponsors/matteobruni"
        },
        {
          "type": "github",
          "url": "https://github.com/sponsors/tsparticles"
        },
        {
          "type": "buymeacoffee",
          "url": "https://www.buymeacoffee.com/matteobruni"
        }
      ],
      "dependencies": {
        "@tsparticles/engine": "3.8.0",
        "@tsparticles/plugin-emitters": "3.8.0"
      }
    },
    "node_modules/@tsparticles/plugin-hex-color": {
      "version": "3.8.0",
      "resolved": "https://registry.npmjs.org/@tsparticles/plugin-hex-color/-/plugin-hex-color-3.8.0.tgz",
      "integrity": "sha512-48wrRiY+tpIZMDw/xZzGX3bXc+vhYjTY/qLGktGJV2J3mYCIbWU9T+dsXAOCkLuQojIT7SsKrq/K5WC+TcBKqg==",
      "funding": [
        {
          "type": "github",
          "url": "https://github.com/sponsors/matteobruni"
        },
        {
          "type": "github",
          "url": "https://github.com/sponsors/tsparticles"
        },
        {
          "type": "buymeacoffee",
          "url": "https://www.buymeacoffee.com/matteobruni"
        }
      ],
      "dependencies": {
        "@tsparticles/engine": "3.8.0"
      }
    },
    "node_modules/@tsparticles/plugin-hsl-color": {
      "version": "3.8.0",
      "resolved": "https://registry.npmjs.org/@tsparticles/plugin-hsl-color/-/plugin-hsl-color-3.8.0.tgz",
      "integrity": "sha512-/RdD+D0PaPoGFnAoZRwVNAp+x1Ccx9nIFGH7ilpcGtf+ZNsgEKMUKWXXNhvWaXgS9B5T2kv0juDvWIceOdkAxA==",
      "funding": [
        {
          "type": "github",
          "url": "https://github.com/sponsors/matteobruni"
        },
        {
          "type": "github",
          "url": "https://github.com/sponsors/tsparticles"
        },
        {
          "type": "buymeacoffee",
          "url": "https://www.buymeacoffee.com/matteobruni"
        }
      ],
      "dependencies": {
        "@tsparticles/engine": "3.8.0"
      }
    },
    "node_modules/@tsparticles/plugin-rgb-color": {
      "version": "3.8.0",
      "resolved": "https://registry.npmjs.org/@tsparticles/plugin-rgb-color/-/plugin-rgb-color-3.8.0.tgz",
      "integrity": "sha512-J7Qml+sLUWKUxGs/hNXX7RUXFOuJEPiSUZgKjS5mUYrP1HPnRXmBd7/8kku5d5DS9VBsuTOAdCbgWhxXJPbK1g==",
      "funding": [
        {
          "type": "github",
          "url": "https://github.com/sponsors/matteobruni"
        },
        {
          "type": "github",
          "url": "https://github.com/sponsors/tsparticles"
        },
        {
          "type": "buymeacoffee",
          "url": "https://www.buymeacoffee.com/matteobruni"
        }
      ],
      "dependencies": {
        "@tsparticles/engine": "3.8.0"
      }
    },
    "node_modules/@tsparticles/react": {
      "version": "3.0.0",
      "resolved": "https://registry.npmjs.org/@tsparticles/react/-/react-3.0.0.tgz",
      "integrity": "sha512-hjGEtTT1cwv6BcjL+GcVgH++KYs52bIuQGW3PWv7z3tMa8g0bd6RI/vWSLj7p//NZ3uTjEIeilYIUPBh7Jfq/Q==",
      "peerDependencies": {
        "@tsparticles/engine": "^3.0.2",
        "react": ">=16.8.0",
        "react-dom": ">=16.8.0"
      }
    },
    "node_modules/@tsparticles/shape-circle": {
      "version": "3.8.0",
      "resolved": "https://registry.npmjs.org/@tsparticles/shape-circle/-/shape-circle-3.8.0.tgz",
      "integrity": "sha512-NM/YGp50bdcTUZNkAicQD1LwKyuODevXca+9gncOUSKKvj1xaWXGp1GCQTKxKjz/86BuvUA0KkSrKuuOBR8u5Q==",
      "dependencies": {
        "@tsparticles/engine": "3.8.0"
      }
    },
    "node_modules/@tsparticles/shape-emoji": {
      "version": "3.8.0",
      "resolved": "https://registry.npmjs.org/@tsparticles/shape-emoji/-/shape-emoji-3.8.0.tgz",
      "integrity": "sha512-D1P2sl2pL9xpxy4yuNMfZ9HzcWXPWtw6a+xkMDvKW5/dpdPe7oKiefzXrLzin3sQxxSD/6FuFfQSIjFnFKSRhQ==",
      "dependencies": {
        "@tsparticles/engine": "3.8.0"
      }
    },
    "node_modules/@tsparticles/shape-image": {
      "version": "3.8.0",
      "resolved": "https://registry.npmjs.org/@tsparticles/shape-image/-/shape-image-3.8.0.tgz",
      "integrity": "sha512-22EKMmy54rBFXjpRJgHLK6SVm63YmggVrzUyam5aVi5Iq1g0IWtpY1tcM1o5EK23dje9ag6gfsnv9l192S+bsg==",
      "dependencies": {
        "@tsparticles/engine": "3.8.0"
      }
    },
    "node_modules/@tsparticles/shape-line": {
      "version": "3.8.0",
      "resolved": "https://registry.npmjs.org/@tsparticles/shape-line/-/shape-line-3.8.0.tgz",
      "integrity": "sha512-rkM956IMtsZzoi4uDzjjv6bek1mXrir6Njo4xcQ99oYRsTxAZth9LhGElb0Y5jpAetfkeLOao23oppi5uHpgWA==",
      "dependencies": {
        "@tsparticles/engine": "3.8.0"
      }
    },
    "node_modules/@tsparticles/shape-polygon": {
      "version": "3.8.0",
      "resolved": "https://registry.npmjs.org/@tsparticles/shape-polygon/-/shape-polygon-3.8.0.tgz",
      "integrity": "sha512-cUBOuRcIN0fm25ntX6iIl5rRriwdZ/KpRdv4DBM3KNTXL/zHZz+DOv61NsH/ybVlVisG2uDo16DxRJnOpC6O+g==",
      "dependencies": {
        "@tsparticles/engine": "3.8.0"
      }
    },
    "node_modules/@tsparticles/shape-square": {
      "version": "3.8.0",
      "resolved": "https://registry.npmjs.org/@tsparticles/shape-square/-/shape-square-3.8.0.tgz",
      "integrity": "sha512-u7CMXD5ogy1ovdbcXG/7q3BY/CVJZkleEjGpw26RFftAhXl/UrCkSzxxtvMsCTsm7Nz/PKyMZ70ZF+2c0EsCJA==",
      "dependencies": {
        "@tsparticles/engine": "3.8.0"
      }
    },
    "node_modules/@tsparticles/shape-star": {
      "version": "3.8.0",
      "resolved": "https://registry.npmjs.org/@tsparticles/shape-star/-/shape-star-3.8.0.tgz",
      "integrity": "sha512-eREsFg3yPsAJq2AcNRFUlzuYYkJMMVjt+yG/Z6iWotkAxHncf/MYGCwoQbhaUSzEdDKmIOL1m+GfLeDMib+Cig==",
      "dependencies": {
        "@tsparticles/engine": "3.8.0"
      }
    },
    "node_modules/@tsparticles/shape-text": {
      "version": "3.8.0",
      "resolved": "https://registry.npmjs.org/@tsparticles/shape-text/-/shape-text-3.8.0.tgz",
      "integrity": "sha512-EH4OUmpFUa12izu77K/5HVwIOKQyLEfrB65/2F6pc5fU7SZXNAD4oCIljnhthv2pwCiCR3i5O2TJzfepxmaYqQ==",
      "dependencies": {
        "@tsparticles/engine": "3.8.0"
      }
    },
    "node_modules/@tsparticles/slim": {
      "version": "3.8.0",
      "resolved": "https://registry.npmjs.org/@tsparticles/slim/-/slim-3.8.0.tgz",
      "integrity": "sha512-XCj0kQh4YcXDMdVfB1z6xxidOVapZmV+YQYczZX0AIGSRqQxxsUD7WfqXATw8y+Qh9+bAA1IjcTQXclDbPXlcg==",
      "funding": [
        {
          "type": "github",
          "url": "https://github.com/sponsors/matteobruni"
        },
        {
          "type": "github",
          "url": "https://github.com/sponsors/tsparticles"
        },
        {
          "type": "buymeacoffee",
          "url": "https://www.buymeacoffee.com/matteobruni"
        }
      ],
      "dependencies": {
        "@tsparticles/basic": "3.8.0",
        "@tsparticles/engine": "3.8.0",
        "@tsparticles/interaction-external-attract": "3.8.0",
        "@tsparticles/interaction-external-bounce": "3.8.0",
        "@tsparticles/interaction-external-bubble": "3.8.0",
        "@tsparticles/interaction-external-connect": "3.8.0",
        "@tsparticles/interaction-external-grab": "3.8.0",
        "@tsparticles/interaction-external-pause": "3.8.0",
        "@tsparticles/interaction-external-push": "3.8.0",
        "@tsparticles/interaction-external-remove": "3.8.0",
        "@tsparticles/interaction-external-repulse": "3.8.0",
        "@tsparticles/interaction-external-slow": "3.8.0",
        "@tsparticles/interaction-particles-attract": "3.8.0",
        "@tsparticles/interaction-particles-collisions": "3.8.0",
        "@tsparticles/interaction-particles-links": "3.8.0",
        "@tsparticles/move-parallax": "3.8.0",
        "@tsparticles/plugin-easing-quad": "3.8.0",
        "@tsparticles/shape-emoji": "3.8.0",
        "@tsparticles/shape-image": "3.8.0",
        "@tsparticles/shape-line": "3.8.0",
        "@tsparticles/shape-polygon": "3.8.0",
        "@tsparticles/shape-square": "3.8.0",
        "@tsparticles/shape-star": "3.8.0",
        "@tsparticles/updater-life": "3.8.0",
        "@tsparticles/updater-rotate": "3.8.0",
        "@tsparticles/updater-stroke-color": "3.8.0"
      }
    },
    "node_modules/@tsparticles/updater-color": {
      "version": "3.8.0",
      "resolved": "https://registry.npmjs.org/@tsparticles/updater-color/-/updater-color-3.8.0.tgz",
      "integrity": "sha512-PnTQjgy2brZ4l3Gsz021zuCyLLCMLLm6VbJURN65wi99uMRfUtoWaxTnRjtnqAIcwzluevZt8b5PkcPbNpG5Bg==",
      "dependencies": {
        "@tsparticles/engine": "3.8.0"
      }
    },
    "node_modules/@tsparticles/updater-destroy": {
      "version": "3.8.0",
      "resolved": "https://registry.npmjs.org/@tsparticles/updater-destroy/-/updater-destroy-3.8.0.tgz",
      "integrity": "sha512-gwh/XOsCO3G3z/hYislNYZb9aNP4lzDgn2fQ5rySidcrts4ldJb2NrwdNacpOzI03IbnrtmgpyxYry7ypOxD4Q==",
      "dependencies": {
        "@tsparticles/engine": "3.8.0"
      }
    },
    "node_modules/@tsparticles/updater-life": {
      "version": "3.8.0",
      "resolved": "https://registry.npmjs.org/@tsparticles/updater-life/-/updater-life-3.8.0.tgz",
      "integrity": "sha512-ErUY2ZAIPkgayHpxl6ESmDZ/0CpmN/feWvUzQTkzxvnLTnOXQkr59TpH8Trmv1J3CIXh3WU3P+A2B+iewEv6DQ==",
      "dependencies": {
        "@tsparticles/engine": "3.8.0"
      }
    },
    "node_modules/@tsparticles/updater-opacity": {
      "version": "3.8.0",
      "resolved": "https://registry.npmjs.org/@tsparticles/updater-opacity/-/updater-opacity-3.8.0.tgz",
      "integrity": "sha512-ef9oq+W2Z0vnATM90OyytGqb1izHjvzXKumruBo00Wk2g6fKXNSzvsa8+5DxY/SNqgNx+t4BfKPXzu8TJh1RuQ==",
      "dependencies": {
        "@tsparticles/engine": "3.8.0"
      }
    },
    "node_modules/@tsparticles/updater-out-modes": {
      "version": "3.8.0",
      "resolved": "https://registry.npmjs.org/@tsparticles/updater-out-modes/-/updater-out-modes-3.8.0.tgz",
      "integrity": "sha512-JU1foF4kY9lEsYHCfWGBQhTr5zti7HplzTJoZtsiereqmx9uVV98LVFP4yX71qQefuNPtVviRV7uwdbHw0wEfg==",
      "dependencies": {
        "@tsparticles/engine": "3.8.0"
      }
    },
    "node_modules/@tsparticles/updater-roll": {
      "version": "3.8.0",
      "resolved": "https://registry.npmjs.org/@tsparticles/updater-roll/-/updater-roll-3.8.0.tgz",
      "integrity": "sha512-YLu3FDu4o2tX5E/zn0tGvQ901KbFTRhzxT3SzA2IjSBr5Pzj+/CCCP+0Z67oznh9620zboZSSoHkZ1+WEwXrZQ==",
      "dependencies": {
        "@tsparticles/engine": "3.8.0"
      }
    },
    "node_modules/@tsparticles/updater-rotate": {
      "version": "3.8.0",
      "resolved": "https://registry.npmjs.org/@tsparticles/updater-rotate/-/updater-rotate-3.8.0.tgz",
      "integrity": "sha512-J/OoBN1A/kPZAErzrT0RN2Fbtr4E5r8NsSMQV5B6UKnFLcVnPXL0VmrQ3+RKyV9eo/TloftWcZfbqxfIwOMPag==",
      "dependencies": {
        "@tsparticles/engine": "3.8.0"
      }
    },
    "node_modules/@tsparticles/updater-size": {
      "version": "3.8.0",
      "resolved": "https://registry.npmjs.org/@tsparticles/updater-size/-/updater-size-3.8.0.tgz",
      "integrity": "sha512-iWN9ySubHM1vf/sTDnEq7ygzTcr/2fcIeGpBw/XqK6z2pwa9Z3DVeFzoJOvPztLtVqV/WTH1TcoxZ1yd31pEkA==",
      "dependencies": {
        "@tsparticles/engine": "3.8.0"
      }
    },
    "node_modules/@tsparticles/updater-stroke-color": {
      "version": "3.8.0",
      "resolved": "https://registry.npmjs.org/@tsparticles/updater-stroke-color/-/updater-stroke-color-3.8.0.tgz",
      "integrity": "sha512-Iyl2xcIoRmBGH68fLb3eH3DQ72jiANlULRn9k+T9DJXS8IPz4IW0ouOk5nuPpdSzIR+G5uYuy+uQMr2aafVhtg==",
      "dependencies": {
        "@tsparticles/engine": "3.8.0"
      }
    },
    "node_modules/@tsparticles/updater-tilt": {
      "version": "3.8.0",
      "resolved": "https://registry.npmjs.org/@tsparticles/updater-tilt/-/updater-tilt-3.8.0.tgz",
      "integrity": "sha512-5HJYhqFClzBXPddJ/VBzgG3tHIZhgoeC07tDrOSd/9BZgZFFIZTeT86XPEvmpSttMzdpB36a4ivE5K199/eU6A==",
      "dependencies": {
        "@tsparticles/engine": "3.8.0"
      }
    },
    "node_modules/@tsparticles/updater-twinkle": {
      "version": "3.8.0",
      "resolved": "https://registry.npmjs.org/@tsparticles/updater-twinkle/-/updater-twinkle-3.8.0.tgz",
      "integrity": "sha512-FpzDr+rKiHcWHRFz4seAeEfuw2tntZpQCKfCqj2E4KT4+yqY60nUcRf/Qyg2ycZRgEW8EdZQuNsKHjiey6cQjQ==",
      "dependencies": {
        "@tsparticles/engine": "3.8.0"
      }
    },
    "node_modules/@tsparticles/updater-wobble": {
      "version": "3.8.0",
      "resolved": "https://registry.npmjs.org/@tsparticles/updater-wobble/-/updater-wobble-3.8.0.tgz",
      "integrity": "sha512-g9pmCXRMLt3sUfMr6SHX5RJoGB9pJySrcZX+rIlR0PbDomAGJ12J1Ky/IfmUW/wbYUr/vz5sz0NJdTKICScmzg==",
      "dependencies": {
        "@tsparticles/engine": "3.8.0"
      }
    },
    "node_modules/framer-motion": {
      "version": "12.0.1",
      "resolved": "https://registry.npmjs.org/framer-motion/-/framer-motion-12.0.1.tgz",
      "integrity": "sha512-u6p0Qc4cY/AEQAtrC7qiYlXla39qnWoI4JXY7OCNBDXwJ5yRBD8HU+RhaOqqziw2m/b0BDh32f44W94+wXonMQ==",
      "dependencies": {
        "motion-dom": "^12.0.0",
        "motion-utils": "^12.0.0",
        "tslib": "^2.4.0"
      },
      "peerDependencies": {
        "@emotion/is-prop-valid": "*",
        "react": "^18.0.0 || ^19.0.0",
        "react-dom": "^18.0.0 || ^19.0.0"
      },
      "peerDependenciesMeta": {
        "@emotion/is-prop-valid": {
          "optional": true
        },
        "react": {
          "optional": true
        },
        "react-dom": {
          "optional": true
        }
      }
    },
    "node_modules/js-tokens": {
      "version": "4.0.0",
      "resolved": "https://registry.npmjs.org/js-tokens/-/js-tokens-4.0.0.tgz",
      "integrity": "sha512-RdJUflcE3cUzKiMqQgsCu06FPu9UdIJO0beYbPhHN4k6apgJtifcoCtT9bcxOpYBtpD2kCM6Sbzg4CausW/PKQ=="
    },
    "node_modules/loose-envify": {
      "version": "1.4.0",
      "resolved": "https://registry.npmjs.org/loose-envify/-/loose-envify-1.4.0.tgz",
      "integrity": "sha512-lyuxPGr/Wfhrlem2CL/UcnUc1zcqKAImBDzukY7Y5F/yQiNdko6+fRLevlw1HgMySw7f611UIY408EtxRSoK3Q==",
      "dependencies": {
        "js-tokens": "^3.0.0 || ^4.0.0"
      },
      "bin": {
        "loose-envify": "cli.js"
      }
    },
    "node_modules/motion-dom": {
      "version": "12.0.0",
      "resolved": "https://registry.npmjs.org/motion-dom/-/motion-dom-12.0.0.tgz",
      "integrity": "sha512-CvYd15OeIR6kHgMdonCc1ihsaUG4MYh/wrkz8gZ3hBX/uamyZCXN9S9qJoYF03GqfTt7thTV/dxnHYX4+55vDg==",
      "dependencies": {
        "motion-utils": "^12.0.0"
      }
    },
    "node_modules/motion-utils": {
      "version": "12.0.0",
      "resolved": "https://registry.npmjs.org/motion-utils/-/motion-utils-12.0.0.tgz",
      "integrity": "sha512-MNFiBKbbqnmvOjkPyOKgHUp3Q6oiokLkI1bEwm5QA28cxMZrv0CbbBGDNmhF6DIXsi1pCQBSs0dX8xjeER1tmA=="
    },
    "node_modules/object-assign": {
      "version": "4.1.1",
      "resolved": "https://registry.npmjs.org/object-assign/-/object-assign-4.1.1.tgz",
      "integrity": "sha512-rJgTQnkUnH1sFw8yT6VSU3zD3sWmu6sZhIseY8VX+GRu3P6F7Fu+JNDoXfklElbLJSnc3FUQHVe4cU5hj+BcUg==",
      "engines": {
        "node": ">=0.10.0"
      }
    },
    "node_modules/performance-now": {
      "version": "2.1.0",
      "resolved": "https://registry.npmjs.org/performance-now/-/performance-now-2.1.0.tgz",
      "integrity": "sha512-7EAHlyLHI56VEIdK57uwHdHKIaAGbnXPiw0yWbarQZOKaKpvUIgW0jWRVLiatnM+XXlSwsanIBH/hzGMJulMow=="
    },
    "node_modules/prop-types": {
      "version": "15.8.1",
      "resolved": "https://registry.npmjs.org/prop-types/-/prop-types-15.8.1.tgz",
      "integrity": "sha512-oj87CgZICdulUohogVAR7AjlC0327U4el4L6eAvOqCeudMDVU0NThNaV+b9Df4dXgSP1gXMTnPdhfe/2qDH5cg==",
      "dependencies": {
        "loose-envify": "^1.4.0",
        "object-assign": "^4.1.1",
        "react-is": "^16.13.1"
      }
    },
    "node_modules/raf": {
      "version": "3.4.1",
      "resolved": "https://registry.npmjs.org/raf/-/raf-3.4.1.tgz",
      "integrity": "sha512-Sq4CW4QhwOHE8ucn6J34MqtZCeWFP2aQSmrlroYgqAV1PjStIhJXxYuTgUIfkEk7zTLjmIjLmU5q+fbD1NnOJA==",
      "dependencies": {
        "performance-now": "^2.1.0"
      }
    },
    "node_modules/react": {
      "version": "18.3.1",
      "resolved": "https://registry.npmjs.org/react/-/react-18.3.1.tgz",
      "integrity": "sha512-wS+hAgJShR0KhEvPJArfuPVN1+Hz1t0Y6n5jLrGQbkb4urgPE/0Rve+1kMB1v/oWgHgm4WIcV+i7F2pTVj+2iQ==",
      "peer": true,
      "dependencies": {
        "loose-envify": "^1.1.0"
      },
      "engines": {
        "node": ">=0.10.0"
      }
    },
    "node_modules/react-dom": {
      "version": "18.3.1",
      "resolved": "https://registry.npmjs.org/react-dom/-/react-dom-18.3.1.tgz",
      "integrity": "sha512-5m4nQKp+rZRb09LNH59GM4BxTh9251/ylbKIbpe7TpGxfJ+9kv6BLkLBXIjjspbgbnIBNqlI23tRnTWT0snUIw==",
      "peer": true,
      "dependencies": {
        "loose-envify": "^1.1.0",
        "scheduler": "^0.23.2"
      },
      "peerDependencies": {
        "react": "^18.3.1"
      }
    },
    "node_modules/react-is": {
      "version": "16.13.1",
      "resolved": "https://registry.npmjs.org/react-is/-/react-is-16.13.1.tgz",
      "integrity": "sha512-24e6ynE2H+OKt4kqsOvNd8kBpV65zoxbA4BVsEOB3ARVWQki/DHzaUoC5KuON/BiccDaCCTZBuOcfZs70kR8bQ=="
    },
    "node_modules/react-particles": {
      "version": "2.12.2",
      "resolved": "https://registry.npmjs.org/react-particles/-/react-particles-2.12.2.tgz",
      "integrity": "sha512-Bo9DdrBRPFy8uiT7BA8P36Rdmz6GhB/RG9kkWUyZGIsS8AxWyuUjpVxw9Lr23K0LVE2aenAJ0vnqEbbLDpBgQw==",
      "deprecated": "@tsparticles/react is the new version, please use that",
      "funding": [
        {
          "type": "github",
          "url": "https://github.com/sponsors/matteobruni"
        },
        {
          "type": "github",
          "url": "https://github.com/sponsors/tsparticles"
        },
        {
          "type": "buymeacoffee",
          "url": "https://www.buymeacoffee.com/matteobruni"
        }
      ],
      "hasInstallScript": true,
      "dependencies": {
        "tsparticles-engine": "^2.12.0"
      },
      "peerDependencies": {
        "react": ">=16"
      }
    },
    "node_modules/scheduler": {
      "version": "0.23.2",
      "resolved": "https://registry.npmjs.org/scheduler/-/scheduler-0.23.2.tgz",
      "integrity": "sha512-UOShsPwz7NrMUqhR6t0hWjFduvOzbtv7toDH1/hIrfRNIDBnnBWd0CwJTGvTpngVlmwGCdP9/Zl/tVrDqcuYzQ==",
      "peer": true,
      "dependencies": {
        "loose-envify": "^1.1.0"
      }
    },
    "node_modules/tslib": {
      "version": "2.8.1",
      "resolved": "https://registry.npmjs.org/tslib/-/tslib-2.8.1.tgz",
      "integrity": "sha512-oJFu94HQb+KVduSUQL7wnpmqnfmLsOA/nAh6b6EH0wCEoK0/mPeXU6c3wKDV83MkOuHPRHtSXKKU99IBazS/2w=="
    },
    "node_modules/tsparticles": {
      "version": "3.8.0",
      "resolved": "https://registry.npmjs.org/tsparticles/-/tsparticles-3.8.0.tgz",
      "integrity": "sha512-LUtl6bwu1kNwk/hRpd1FnL/F1Yqm1w5K5R16LDstwlzpE/CIdxBWQgUoA5UYZTqzIC0S8VjRBS3XrSuXt391lw==",
      "funding": [
        {
          "type": "github",
          "url": "https://github.com/sponsors/matteobruni"
        },
        {
          "type": "github",
          "url": "https://github.com/sponsors/tsparticles"
        },
        {
          "type": "buymeacoffee",
          "url": "https://www.buymeacoffee.com/matteobruni"
        }
      ],
      "dependencies": {
        "@tsparticles/engine": "3.8.0",
        "@tsparticles/interaction-external-trail": "3.8.0",
        "@tsparticles/plugin-absorbers": "3.8.0",
        "@tsparticles/plugin-emitters": "3.8.0",
        "@tsparticles/plugin-emitters-shape-circle": "3.8.0",
        "@tsparticles/plugin-emitters-shape-square": "3.8.0",
        "@tsparticles/shape-text": "3.8.0",
        "@tsparticles/slim": "3.8.0",
        "@tsparticles/updater-destroy": "3.8.0",
        "@tsparticles/updater-roll": "3.8.0",
        "@tsparticles/updater-tilt": "3.8.0",
        "@tsparticles/updater-twinkle": "3.8.0",
        "@tsparticles/updater-wobble": "3.8.0"
      }
    },
    "node_modules/tsparticles-engine": {
      "version": "2.12.0",
      "resolved": "https://registry.npmjs.org/tsparticles-engine/-/tsparticles-engine-2.12.0.tgz",
      "integrity": "sha512-ZjDIYex6jBJ4iMc9+z0uPe7SgBnmb6l+EJm83MPIsOny9lPpetMsnw/8YJ3xdxn8hV+S3myTpTN1CkOVmFv0QQ==",
      "deprecated": "starting from tsparticles v3 the packages are now moved to @tsparticles/package-name instead of tsparticles-package-name",
      "funding": [
        {
          "type": "github",
          "url": "https://github.com/sponsors/matteobruni"
        },
        {
          "type": "github",
          "url": "https://github.com/sponsors/tsparticles"
        },
        {
          "type": "buymeacoffee",
          "url": "https://www.buymeacoffee.com/matteobruni"
        }
      ],
      "hasInstallScript": true
    },
    "node_modules/typewriter-effect": {
      "version": "2.21.0",
      "resolved": "https://registry.npmjs.org/typewriter-effect/-/typewriter-effect-2.21.0.tgz",
      "integrity": "sha512-Y3VL1fuJpUBj0gS4OTXBLzy1gnYTYaBuVuuO99tGNyTkkub5CXi+b/hsV7Og9fp6HlhogOwWJwgq7iXI5sQlEg==",
      "dependencies": {
        "prop-types": "^15.8.1",
        "raf": "^3.4.1"
      },
      "peerDependencies": {
        "react": "^17.x || ^18.x",
        "react-dom": "^17.x || ^18.x"
      }
    }
  }
}
